
Microsoft Visual Studio Solution File, Format Version 12.00
# Visual Studio Version 17
VisualStudioVersion = 17.5.33424.131
MinimumVisualStudioVersion = 10.0.40219.1
Project("{FAE04EC0-301F-11D3-BF4B-00C04F79EFBC}") = "lab4", "lab4.csproj", "{B54F4C3D-C965-4876-A56B-865C4BF54D56}"
EndProject
Global
	GlobalSection(SolutionConfigurationPlatforms) = preSolution
		Debug|Any CPU = Debug|Any CPU
		Release|Any CPU = Release|Any CPU
	EndGlobalSection
	GlobalSection(ProjectConfigurationPlatforms) = postSolution
		{B54F4C3D-C965-4876-A56B-865C4BF54D56}.Debug|Any CPU.ActiveCfg = Debug|Any CPU
		{B54F4C3D-C965-4876-A56B-865C4BF54D56}.Debug|Any CPU.Build.0 = Debug|Any CPU
		{B54F4C3D-C965-4876-A56B-865C4BF54D56}.Release|Any CPU.ActiveCfg = Release|Any CPU
		{B54F4C3D-C965-4876-A56B-865C4BF54D56}.Release|Any CPU.Build.0 = Release|Any CPU
	EndGlobalSection
	GlobalSection(SolutionProperties) = preSolution
		HideSolutionNode = FALSE
	EndGlobalSection
	GlobalSection(ExtensibilityGlobals) = postSolution
		SolutionGuid = {B57A75F1-6615-4D29-BCB4-87F031B203A5}
	EndGlobalSection
EndGlobal
